{
  "nodes": {
    "discordrpc": {
      "inputs": {
        "nixpkgs": "nixpkgs",
        "rust-overlay": "rust-overlay",
        "utils": "utils"
      },
      "locked": {
        "lastModified": 1759092798,
        "narHash": "sha256-ikJFPeH5ei246BEbiFN+5io5NJ8jxi6JTM2SBg0U53E=",
        "owner": "R2Northstar",
        "repo": "NorthstarDiscordRPC",
        "rev": "41cf32d9c2dc5d31f4872369f38ee95b9064a634",
        "type": "github"
      },
      "original": {
        "owner": "R2Northstar",
        "repo": "NorthstarDiscordRPC",
        "type": "github"
      }
    },
    "flake-utils": {
      "inputs": {
        "systems": "systems_2"
      },
      "locked": {
        "lastModified": 1731533236,
        "narHash": "sha256-l0KFg5HjrsfsO/JpG+r7fRrqm12kzFHyUHqHCVpMMbI=",
        "owner": "numtide",
        "repo": "flake-utils",
        "rev": "11707dc2f618dd54ca8739b309ec4fc024de578b",
        "type": "github"
      },
      "original": {
        "owner": "numtide",
        "repo": "flake-utils",
        "type": "github"
      }
    },
    "launcher": {
      "inputs": {
        "flake-utils": "flake-utils",
        "nixpkgs": "nixpkgs_2",
        "treefmt-nix": "treefmt-nix"
      },
      "locked": {
        "lastModified": 1771441238,
        "narHash": "sha256-CuOMtnVLRDbFcg0+TLM8iXNPyOqjhBBWpHV+fm3Rr7M=",
        "ref": "refs/heads/main",
        "rev": "cf29bbc384119d365bf77397c373dccf7afc9a08",
        "revCount": 751,
        "submodules": true,
        "type": "git",
        "url": "https://github.com/R2Northstar/NorthstarLauncher.git"
      },
      "original": {
        "submodules": true,
        "type": "git",
        "url": "https://github.com/R2Northstar/NorthstarLauncher.git"
      }
    },
    "mods": {
      "flake": false,
      "locked": {
        "lastModified": 1769033914,
        "narHash": "sha256-2TApbt9AyqSPPhFp3NOoEcYSdlDVYcAV7cFNuw+3t2Y=",
        "owner": "R2Northstar",
        "repo": "NorthstarMods",
        "rev": "1fe5de9b2286d49341e852f4311eb3ea598aa077",
        "type": "github"
      },
      "original": {
        "owner": "R2Northstar",
        "repo": "NorthstarMods",
        "type": "github"
      }
    },
    "nixpkgs": {
      "locked": {
        "lastModified": 1751274312,
        "narHash": "sha256-/bVBlRpECLVzjV19t5KMdMFWSwKLtb5RyXdjz3LJT+g=",
        "owner": "nixos",
        "repo": "nixpkgs",
        "rev": "50ab793786d9de88ee30ec4e4c24fb4236fc2674",
        "type": "github"
      },
      "original": {
        "owner": "nixos",
        "ref": "nixos-24.11",
        "repo": "nixpkgs",
        "type": "github"
      }
    },
    "nixpkgs_2": {
      "locked": {
        "lastModified": 1771008912,
        "narHash": "sha256-gf2AmWVTs8lEq7z/3ZAsgnZDhWIckkb+ZnAo5RzSxJg=",
        "owner": "NixOS",
        "repo": "nixpkgs",
        "rev": "a82ccc39b39b621151d6732718e3e250109076fa",
        "type": "github"
      },
      "original": {
        "owner": "NixOS",
        "ref": "nixos-unstable",
        "repo": "nixpkgs",
        "type": "github"
      }
    },
    "nixpkgs_3": {
      "locked": {
        "lastModified": 1770107345,
        "narHash": "sha256-tbS0Ebx2PiA1FRW8mt8oejR0qMXmziJmPaU1d4kYY9g=",
        "owner": "nixos",
        "repo": "nixpkgs",
        "rev": "4533d9293756b63904b7238acb84ac8fe4c8c2c4",
        "type": "github"
      },
      "original": {
        "owner": "nixos",
        "ref": "nixpkgs-unstable",
        "repo": "nixpkgs",
        "type": "github"
      }
    },
    "nixpkgs_4": {
      "locked": {
        "lastModified": 1771207753,
        "narHash": "sha256-b9uG8yN50DRQ6A7JdZBfzq718ryYrlmGgqkRm9OOwCE=",
        "owner": "NixOS",
        "repo": "nixpkgs",
        "rev": "d1c15b7d5806069da59e819999d70e1cec0760bf",
        "type": "github"
      },
      "original": {
        "id": "nixpkgs",
        "type": "indirect"
      }
    },
    "northstar-repo": {
      "flake": false,
      "locked": {
        "lastModified": 1759097372,
        "narHash": "sha256-xDV7i+EJaszi/QgAIE3DdWZel25YD94pHoNHfjNCLwQ=",
        "owner": "R2Northstar",
        "repo": "Northstar",
        "rev": "95cd53461a283beb822b775dd626be19802b5cec",
        "type": "github"
      },
      "original": {
        "owner": "R2Northstar",
        "repo": "Northstar",
        "type": "github"
      }
    },
    "root": {
      "inputs": {
        "discordrpc": "discordrpc",
        "launcher": "launcher",
        "mods": "mods",
        "nixpkgs": "nixpkgs_4",
        "northstar-repo": "northstar-repo",
        "utils": "utils_2"
      }
    },
    "rust-overlay": {
      "inputs": {
        "nixpkgs": [
          "discordrpc",
          "nixpkgs"
        ]
      },
      "locked": {
        "lastModified": 1759027024,
        "narHash": "sha256-LTgfljA/X8aGEXk/EUVoLL+0wfJjQAhF/rUQOFsx+/U=",
        "owner": "oxalica",
        "repo": "rust-overlay",
        "rev": "971d18658c83f3a6a434ac647798141fddce3175",
        "type": "github"
      },
      "original": {
        "owner": "oxalica",
        "repo": "rust-overlay",
        "type": "github"
      }
    },
    "systems": {
      "locked": {
        "lastModified": 1681028828,
        "narHash": "sha256-Vy1rq5AaRuLzOxct8nz4T6wlgyUR7zLU309k9mBC768=",
        "owner": "nix-systems",
        "repo": "default",
        "rev": "da67096a3b9bf56a91d16901293e51ba5b49a27e",
        "type": "github"
      },
      "original": {
        "owner": "nix-systems",
        "repo": "default",
        "type": "github"
      }
    },
    "systems_2": {
      "locked": {
        "lastModified": 1681028828,
        "narHash": "sha256-Vy1rq5AaRuLzOxct8nz4T6wlgyUR7zLU309k9mBC768=",
        "owner": "nix-systems",
        "repo": "default",
        "rev": "da67096a3b9bf56a91d16901293e51ba5b49a27e",
        "type": "github"
      },
      "original": {
        "owner": "nix-systems",
        "repo": "default",
        "type": "github"
      }
    },
    "systems_3": {
      "locked": {
        "lastModified": 1681028828,
        "narHash": "sha256-Vy1rq5AaRuLzOxct8nz4T6wlgyUR7zLU309k9mBC768=",
        "owner": "nix-systems",
        "repo": "default",
        "rev": "da67096a3b9bf56a91d16901293e51ba5b49a27e",
        "type": "github"
      },
      "original": {
        "owner": "nix-systems",
        "repo": "default",
        "type": "github"
      }
    },
    "treefmt-nix": {
      "inputs": {
        "nixpkgs": "nixpkgs_3"
      },
      "locked": {
        "lastModified": 1770228511,
        "narHash": "sha256-wQ6NJSuFqAEmIg2VMnLdCnUc0b7vslUohqqGGD+Fyxk=",
        "owner": "numtide",
        "repo": "treefmt-nix",
        "rev": "337a4fe074be1042a35086f15481d763b8ddc0e7",
        "type": "github"
      },
      "original": {
        "owner": "numtide",
        "repo": "treefmt-nix",
        "type": "github"
      }
    },
    "utils": {
      "inputs": {
        "systems": "systems"
      },
      "locked": {
        "lastModified": 1731533236,
        "narHash": "sha256-l0KFg5HjrsfsO/JpG+r7fRrqm12kzFHyUHqHCVpMMbI=",
        "owner": "numtide",
        "repo": "flake-utils",
        "rev": "11707dc2f618dd54ca8739b309ec4fc024de578b",
        "type": "github"
      },
      "original": {
        "owner": "numtide",
        "repo": "flake-utils",
        "type": "github"
      }
    },
    "utils_2": {
      "inputs": {
        "systems": "systems_3"
      },
      "locked": {
        "lastModified": 1731533236,
        "narHash": "sha256-l0KFg5HjrsfsO/JpG+r7fRrqm12kzFHyUHqHCVpMMbI=",
        "owner": "numtide",
        "repo": "flake-utils",
        "rev": "11707dc2f618dd54ca8739b309ec4fc024de578b",
        "type": "github"
      },
      "original": {
        "owner": "numtide",
        "repo": "flake-utils",
        "type": "github"
      }
    }
  },
  "root": "root",
  "version": 7
}
